
Microsoft Visual Studio Solution File, Format Version 12.00
# Visual Studio Version 16
VisualStudioVersion = 16.0.30204.135
MinimumVisualStudioVersion = 15.0.26124.0
Project("{2150E333-8FDC-42A3-9474-1A3956D46DE8}") = "src", "src", "{1CA7949F-606D-43D1-987C-CD9309812CFC}"
EndProject
Project("{9A19103F-16F7-4668-BE54-9A1E7A4F7556}") = "FakeXrmEasy.Plugins", "src\FakeXrmEasy.Plugins\FakeXrmEasy.Plugins.csproj", "{3A4394CA-3FBA-47D4-B570-68F4DF5433D3}"
EndProject
Project("{2150E333-8FDC-42A3-9474-1A3956D46DE8}") = "tests", "tests", "{A8F9688E-9646-41FE-B212-0587811B519D}"
EndProject
Project("{9A19103F-16F7-4668-BE54-9A1E7A4F7556}") = "FakeXrmEasy.Plugins.Tests", "tests\FakeXrmEasy.Plugins.Tests\FakeXrmEasy.Plugins.Tests.csproj", "{31A81D50-7F4A-4338-911D-D375D7061E9B}"
EndProject
Project("{2150E333-8FDC-42A3-9474-1A3956D46DE8}") = "Solution Items", "Solution Items", "{E83441E3-EFF7-499C-A3A4-20F79ADB8706}"
	ProjectSection(SolutionItems) = preProject
		CHANGELOG.md = CHANGELOG.md
	EndProjectSection
EndProject
Project("{2150E333-8FDC-42A3-9474-1A3956D46DE8}") = "performance", "performance", "{D3FEF02F-F60E-497E-BE96-EF4E9878FEB8}"
EndProject
Project("{9A19103F-16F7-4668-BE54-9A1E7A4F7556}") = "FakeXrmEasy.Plugins.Performance", "performance\FakeXrmEasy.Plugins.Performance\FakeXrmEasy.Plugins.Performance.csproj", "{466E42E0-65BA-44D6-A109-8A84B306B284}"
EndProject
Project("{9A19103F-16F7-4668-BE54-9A1E7A4F7556}") = "DataverseEntities", "tests\DataverseEntities\DataverseEntities.csproj", "{A96911D3-DD4C-4051-BCB2-58A109692CA7}"
EndProject
Project("{9A19103F-16F7-4668-BE54-9A1E7A4F7556}") = "DataverseEntitiesWithPartialPipelineTypes", "tests\DataverseEntitiesWithPartialPipelineTypes\DataverseEntitiesWithPartialPipelineTypes.csproj", "{CACA71D9-1B19-4C56-88F8-6CC18C46523C}"
EndProject
Global
	GlobalSection(SolutionConfigurationPlatforms) = preSolution
	    FAKE_XRM_EASY_9|Any CPU = FAKE_XRM_EASY_9|Any CPU
        FAKE_XRM_EASY_9|x64 = FAKE_XRM_EASY_9|x64
        FAKE_XRM_EASY_9|x86 = FAKE_XRM_EASY_9|x86
		FAKE_XRM_EASY_2013|Any CPU = FAKE_XRM_EASY_2013|Any CPU
		FAKE_XRM_EASY_2013|x64 = FAKE_XRM_EASY_2013|x64
		FAKE_XRM_EASY_2013|x86 = FAKE_XRM_EASY_2013|x86
		FAKE_XRM_EASY_2015|Any CPU = FAKE_XRM_EASY_2015|Any CPU
		FAKE_XRM_EASY_2015|x64 = FAKE_XRM_EASY_2015|x64
		FAKE_XRM_EASY_2015|x86 = FAKE_XRM_EASY_2015|x86
		FAKE_XRM_EASY_2016|Any CPU = FAKE_XRM_EASY_2016|Any CPU
		FAKE_XRM_EASY_2016|x64 = FAKE_XRM_EASY_2016|x64
		FAKE_XRM_EASY_2016|x86 = FAKE_XRM_EASY_2016|x86
		FAKE_XRM_EASY_365|Any CPU = FAKE_XRM_EASY_365|Any CPU
		FAKE_XRM_EASY_365|x64 = FAKE_XRM_EASY_365|x64
		FAKE_XRM_EASY_365|x86 = FAKE_XRM_EASY_365|x86
		FAKE_XRM_EASY|Any CPU = FAKE_XRM_EASY|Any CPU
		FAKE_XRM_EASY|x64 = FAKE_XRM_EASY|x64
		FAKE_XRM_EASY|x86 = FAKE_XRM_EASY|x86
	EndGlobalSection
	GlobalSection(ProjectConfigurationPlatforms) = postSolution
		{3A4394CA-3FBA-47D4-B570-68F4DF5433D3}.FAKE_XRM_EASY_2013|Any CPU.ActiveCfg = FAKE_XRM_EASY_2013|Any CPU
		{3A4394CA-3FBA-47D4-B570-68F4DF5433D3}.FAKE_XRM_EASY_2013|Any CPU.Build.0 = FAKE_XRM_EASY_2013|Any CPU
		{3A4394CA-3FBA-47D4-B570-68F4DF5433D3}.FAKE_XRM_EASY_2013|x64.ActiveCfg = FAKE_XRM_EASY_2013|Any CPU
		{3A4394CA-3FBA-47D4-B570-68F4DF5433D3}.FAKE_XRM_EASY_2013|x64.Build.0 = FAKE_XRM_EASY_2013|Any CPU
		{3A4394CA-3FBA-47D4-B570-68F4DF5433D3}.FAKE_XRM_EASY_2013|x86.ActiveCfg = FAKE_XRM_EASY_2013|Any CPU
		{3A4394CA-3FBA-47D4-B570-68F4DF5433D3}.FAKE_XRM_EASY_2013|x86.Build.0 = FAKE_XRM_EASY_2013|Any CPU
		{3A4394CA-3FBA-47D4-B570-68F4DF5433D3}.FAKE_XRM_EASY_2015|Any CPU.ActiveCfg = FAKE_XRM_EASY_2015|Any CPU
		{3A4394CA-3FBA-47D4-B570-68F4DF5433D3}.FAKE_XRM_EASY_2015|Any CPU.Build.0 = FAKE_XRM_EASY_2015|Any CPU
		{3A4394CA-3FBA-47D4-B570-68F4DF5433D3}.FAKE_XRM_EASY_2015|x64.ActiveCfg = FAKE_XRM_EASY_2015|Any CPU
		{3A4394CA-3FBA-47D4-B570-68F4DF5433D3}.FAKE_XRM_EASY_2015|x64.Build.0 = FAKE_XRM_EASY_2015|Any CPU
		{3A4394CA-3FBA-47D4-B570-68F4DF5433D3}.FAKE_XRM_EASY_2015|x86.ActiveCfg = FAKE_XRM_EASY_2015|Any CPU
		{3A4394CA-3FBA-47D4-B570-68F4DF5433D3}.FAKE_XRM_EASY_2015|x86.Build.0 = FAKE_XRM_EASY_2015|Any CPU
		{3A4394CA-3FBA-47D4-B570-68F4DF5433D3}.FAKE_XRM_EASY_2016|Any CPU.ActiveCfg = FAKE_XRM_EASY_2016|Any CPU
		{3A4394CA-3FBA-47D4-B570-68F4DF5433D3}.FAKE_XRM_EASY_2016|Any CPU.Build.0 = FAKE_XRM_EASY_2016|Any CPU
		{3A4394CA-3FBA-47D4-B570-68F4DF5433D3}.FAKE_XRM_EASY_2016|x64.ActiveCfg = FAKE_XRM_EASY_2016|Any CPU
		{3A4394CA-3FBA-47D4-B570-68F4DF5433D3}.FAKE_XRM_EASY_2016|x64.Build.0 = FAKE_XRM_EASY_2016|Any CPU
		{3A4394CA-3FBA-47D4-B570-68F4DF5433D3}.FAKE_XRM_EASY_2016|x86.ActiveCfg = FAKE_XRM_EASY_2016|Any CPU
		{3A4394CA-3FBA-47D4-B570-68F4DF5433D3}.FAKE_XRM_EASY_2016|x86.Build.0 = FAKE_XRM_EASY_2016|Any CPU
		{3A4394CA-3FBA-47D4-B570-68F4DF5433D3}.FAKE_XRM_EASY_365|Any CPU.ActiveCfg = FAKE_XRM_EASY_365|Any CPU
		{3A4394CA-3FBA-47D4-B570-68F4DF5433D3}.FAKE_XRM_EASY_365|Any CPU.Build.0 = FAKE_XRM_EASY_365|Any CPU
		{3A4394CA-3FBA-47D4-B570-68F4DF5433D3}.FAKE_XRM_EASY_365|x64.ActiveCfg = FAKE_XRM_EASY_365|Any CPU
		{3A4394CA-3FBA-47D4-B570-68F4DF5433D3}.FAKE_XRM_EASY_365|x64.Build.0 = FAKE_XRM_EASY_365|Any CPU
		{3A4394CA-3FBA-47D4-B570-68F4DF5433D3}.FAKE_XRM_EASY_365|x86.ActiveCfg = FAKE_XRM_EASY_365|Any CPU
		{3A4394CA-3FBA-47D4-B570-68F4DF5433D3}.FAKE_XRM_EASY_365|x86.Build.0 = FAKE_XRM_EASY_365|Any CPU
		{3A4394CA-3FBA-47D4-B570-68F4DF5433D3}.FAKE_XRM_EASY_9|Any CPU.ActiveCfg = FAKE_XRM_EASY_9|Any CPU
		{3A4394CA-3FBA-47D4-B570-68F4DF5433D3}.FAKE_XRM_EASY_9|Any CPU.Build.0 = FAKE_XRM_EASY_9|Any CPU
		{3A4394CA-3FBA-47D4-B570-68F4DF5433D3}.FAKE_XRM_EASY_9|x64.ActiveCfg = FAKE_XRM_EASY_9|Any CPU
		{3A4394CA-3FBA-47D4-B570-68F4DF5433D3}.FAKE_XRM_EASY_9|x64.Build.0 = FAKE_XRM_EASY_9|Any CPU
		{3A4394CA-3FBA-47D4-B570-68F4DF5433D3}.FAKE_XRM_EASY_9|x86.ActiveCfg = FAKE_XRM_EASY_9|Any CPU
		{3A4394CA-3FBA-47D4-B570-68F4DF5433D3}.FAKE_XRM_EASY_9|x86.Build.0 = FAKE_XRM_EASY_9|Any CPU
		{3A4394CA-3FBA-47D4-B570-68F4DF5433D3}.FAKE_XRM_EASY|Any CPU.ActiveCfg = FAKE_XRM_EASY|Any CPU
		{3A4394CA-3FBA-47D4-B570-68F4DF5433D3}.FAKE_XRM_EASY|Any CPU.Build.0 = FAKE_XRM_EASY|Any CPU
		{3A4394CA-3FBA-47D4-B570-68F4DF5433D3}.FAKE_XRM_EASY|x64.ActiveCfg = FAKE_XRM_EASY|Any CPU
		{3A4394CA-3FBA-47D4-B570-68F4DF5433D3}.FAKE_XRM_EASY|x64.Build.0 = FAKE_XRM_EASY|Any CPU
		{3A4394CA-3FBA-47D4-B570-68F4DF5433D3}.FAKE_XRM_EASY|x86.ActiveCfg = FAKE_XRM_EASY|Any CPU
		{3A4394CA-3FBA-47D4-B570-68F4DF5433D3}.FAKE_XRM_EASY|x86.Build.0 = FAKE_XRM_EASY|Any CPU
		{31A81D50-7F4A-4338-911D-D375D7061E9B}.FAKE_XRM_EASY_2013|Any CPU.ActiveCfg = FAKE_XRM_EASY_2013|Any CPU
		{31A81D50-7F4A-4338-911D-D375D7061E9B}.FAKE_XRM_EASY_2013|Any CPU.Build.0 = FAKE_XRM_EASY_2013|Any CPU
		{31A81D50-7F4A-4338-911D-D375D7061E9B}.FAKE_XRM_EASY_2013|x64.ActiveCfg = FAKE_XRM_EASY_2013|Any CPU
		{31A81D50-7F4A-4338-911D-D375D7061E9B}.FAKE_XRM_EASY_2013|x64.Build.0 = FAKE_XRM_EASY_2013|Any CPU
		{31A81D50-7F4A-4338-911D-D375D7061E9B}.FAKE_XRM_EASY_2013|x86.ActiveCfg = FAKE_XRM_EASY_2013|Any CPU
		{31A81D50-7F4A-4338-911D-D375D7061E9B}.FAKE_XRM_EASY_2013|x86.Build.0 = FAKE_XRM_EASY_2013|Any CPU
		{31A81D50-7F4A-4338-911D-D375D7061E9B}.FAKE_XRM_EASY_2015|Any CPU.ActiveCfg = FAKE_XRM_EASY_2015|Any CPU
		{31A81D50-7F4A-4338-911D-D375D7061E9B}.FAKE_XRM_EASY_2015|Any CPU.Build.0 = FAKE_XRM_EASY_2015|Any CPU
		{31A81D50-7F4A-4338-911D-D375D7061E9B}.FAKE_XRM_EASY_2015|x64.ActiveCfg = FAKE_XRM_EASY_2015|Any CPU
		{31A81D50-7F4A-4338-911D-D375D7061E9B}.FAKE_XRM_EASY_2015|x64.Build.0 = FAKE_XRM_EASY_2015|Any CPU
		{31A81D50-7F4A-4338-911D-D375D7061E9B}.FAKE_XRM_EASY_2015|x86.ActiveCfg = FAKE_XRM_EASY_2015|Any CPU
		{31A81D50-7F4A-4338-911D-D375D7061E9B}.FAKE_XRM_EASY_2015|x86.Build.0 = FAKE_XRM_EASY_2015|Any CPU
		{31A81D50-7F4A-4338-911D-D375D7061E9B}.FAKE_XRM_EASY_2016|Any CPU.ActiveCfg = FAKE_XRM_EASY_2016|Any CPU
		{31A81D50-7F4A-4338-911D-D375D7061E9B}.FAKE_XRM_EASY_2016|Any CPU.Build.0 = FAKE_XRM_EASY_2016|Any CPU
		{31A81D50-7F4A-4338-911D-D375D7061E9B}.FAKE_XRM_EASY_2016|x64.ActiveCfg = FAKE_XRM_EASY_2016|Any CPU
		{31A81D50-7F4A-4338-911D-D375D7061E9B}.FAKE_XRM_EASY_2016|x64.Build.0 = FAKE_XRM_EASY_2016|Any CPU
		{31A81D50-7F4A-4338-911D-D375D7061E9B}.FAKE_XRM_EASY_2016|x86.ActiveCfg = FAKE_XRM_EASY_2016|Any CPU
		{31A81D50-7F4A-4338-911D-D375D7061E9B}.FAKE_XRM_EASY_2016|x86.Build.0 = FAKE_XRM_EASY_2016|Any CPU
		{31A81D50-7F4A-4338-911D-D375D7061E9B}.FAKE_XRM_EASY_365|Any CPU.ActiveCfg = FAKE_XRM_EASY_365|Any CPU
		{31A81D50-7F4A-4338-911D-D375D7061E9B}.FAKE_XRM_EASY_365|Any CPU.Build.0 = FAKE_XRM_EASY_365|Any CPU
		{31A81D50-7F4A-4338-911D-D375D7061E9B}.FAKE_XRM_EASY_365|x64.ActiveCfg = FAKE_XRM_EASY_365|Any CPU
		{31A81D50-7F4A-4338-911D-D375D7061E9B}.FAKE_XRM_EASY_365|x64.Build.0 = FAKE_XRM_EASY_365|Any CPU
		{31A81D50-7F4A-4338-911D-D375D7061E9B}.FAKE_XRM_EASY_365|x86.ActiveCfg = FAKE_XRM_EASY_365|Any CPU
		{31A81D50-7F4A-4338-911D-D375D7061E9B}.FAKE_XRM_EASY_365|x86.Build.0 = FAKE_XRM_EASY_365|Any CPU
		{31A81D50-7F4A-4338-911D-D375D7061E9B}.FAKE_XRM_EASY_9|Any CPU.ActiveCfg = FAKE_XRM_EASY_9|Any CPU
		{31A81D50-7F4A-4338-911D-D375D7061E9B}.FAKE_XRM_EASY_9|Any CPU.Build.0 = FAKE_XRM_EASY_9|Any CPU
		{31A81D50-7F4A-4338-911D-D375D7061E9B}.FAKE_XRM_EASY_9|x64.ActiveCfg = FAKE_XRM_EASY_9|Any CPU
		{31A81D50-7F4A-4338-911D-D375D7061E9B}.FAKE_XRM_EASY_9|x64.Build.0 = FAKE_XRM_EASY_9|Any CPU
		{31A81D50-7F4A-4338-911D-D375D7061E9B}.FAKE_XRM_EASY_9|x86.ActiveCfg = FAKE_XRM_EASY_9|Any CPU
		{31A81D50-7F4A-4338-911D-D375D7061E9B}.FAKE_XRM_EASY_9|x86.Build.0 = FAKE_XRM_EASY_9|Any CPU
		{31A81D50-7F4A-4338-911D-D375D7061E9B}.FAKE_XRM_EASY|Any CPU.ActiveCfg = FAKE_XRM_EASY|Any CPU
		{31A81D50-7F4A-4338-911D-D375D7061E9B}.FAKE_XRM_EASY|Any CPU.Build.0 = FAKE_XRM_EASY|Any CPU
		{31A81D50-7F4A-4338-911D-D375D7061E9B}.FAKE_XRM_EASY|x64.ActiveCfg = FAKE_XRM_EASY|Any CPU
		{31A81D50-7F4A-4338-911D-D375D7061E9B}.FAKE_XRM_EASY|x64.Build.0 = FAKE_XRM_EASY|Any CPU
		{31A81D50-7F4A-4338-911D-D375D7061E9B}.FAKE_XRM_EASY|x86.ActiveCfg = FAKE_XRM_EASY|Any CPU
		{31A81D50-7F4A-4338-911D-D375D7061E9B}.FAKE_XRM_EASY|x86.Build.0 = FAKE_XRM_EASY|Any CPU
		{466E42E0-65BA-44D6-A109-8A84B306B284}.FAKE_XRM_EASY|Any CPU.ActiveCfg = FAKE_XRM_EASY|Any CPU
		{466E42E0-65BA-44D6-A109-8A84B306B284}.FAKE_XRM_EASY|Any CPU.Build.0 = FAKE_XRM_EASY|Any CPU
		{466E42E0-65BA-44D6-A109-8A84B306B284}.FAKE_XRM_EASY_9|Any CPU.ActiveCfg = FAKE_XRM_EASY_9|Any CPU
		{466E42E0-65BA-44D6-A109-8A84B306B284}.FAKE_XRM_EASY_9|Any CPU.Build.0 = FAKE_XRM_EASY_9|Any CPU
		{466E42E0-65BA-44D6-A109-8A84B306B284}.FAKE_XRM_EASY_9|x64.ActiveCfg = FAKE_XRM_EASY_9|Any CPU
		{466E42E0-65BA-44D6-A109-8A84B306B284}.FAKE_XRM_EASY_9|x64.Build.0 = FAKE_XRM_EASY_9|Any CPU
		{466E42E0-65BA-44D6-A109-8A84B306B284}.FAKE_XRM_EASY|x64.ActiveCfg = FAKE_XRM_EASY|Any CPU
		{466E42E0-65BA-44D6-A109-8A84B306B284}.FAKE_XRM_EASY|x64.Build.0 = FAKE_XRM_EASY|Any CPU
		{466E42E0-65BA-44D6-A109-8A84B306B284}.FAKE_XRM_EASY|x86.ActiveCfg = FAKE_XRM_EASY|Any CPU
		{466E42E0-65BA-44D6-A109-8A84B306B284}.FAKE_XRM_EASY|x86.Build.0 = FAKE_XRM_EASY|Any CPU
		{466E42E0-65BA-44D6-A109-8A84B306B284}.FAKE_XRM_EASY_2013|Any CPU.ActiveCfg = FAKE_XRM_EASY_2013|Any CPU
		{466E42E0-65BA-44D6-A109-8A84B306B284}.FAKE_XRM_EASY_2013|Any CPU.Build.0 = FAKE_XRM_EASY_2013|Any CPU
		{466E42E0-65BA-44D6-A109-8A84B306B284}.FAKE_XRM_EASY_2013|x64.ActiveCfg = FAKE_XRM_EASY_2013|Any CPU
		{466E42E0-65BA-44D6-A109-8A84B306B284}.FAKE_XRM_EASY_2013|x64.Build.0 = FAKE_XRM_EASY_2013|Any CPU
		{466E42E0-65BA-44D6-A109-8A84B306B284}.FAKE_XRM_EASY_2013|x86.ActiveCfg = FAKE_XRM_EASY_2013|Any CPU
		{466E42E0-65BA-44D6-A109-8A84B306B284}.FAKE_XRM_EASY_2013|x86.Build.0 = FAKE_XRM_EASY_2013|Any CPU
		{466E42E0-65BA-44D6-A109-8A84B306B284}.FAKE_XRM_EASY_2015|Any CPU.ActiveCfg = FAKE_XRM_EASY_2015|Any CPU
		{466E42E0-65BA-44D6-A109-8A84B306B284}.FAKE_XRM_EASY_2015|Any CPU.Build.0 = FAKE_XRM_EASY_2015|Any CPU
		{466E42E0-65BA-44D6-A109-8A84B306B284}.FAKE_XRM_EASY_2015|x64.ActiveCfg = FAKE_XRM_EASY_2015|Any CPU
		{466E42E0-65BA-44D6-A109-8A84B306B284}.FAKE_XRM_EASY_2015|x64.Build.0 = FAKE_XRM_EASY_2015|Any CPU
		{466E42E0-65BA-44D6-A109-8A84B306B284}.FAKE_XRM_EASY_2015|x86.ActiveCfg = FAKE_XRM_EASY_2015|Any CPU
		{466E42E0-65BA-44D6-A109-8A84B306B284}.FAKE_XRM_EASY_2015|x86.Build.0 = FAKE_XRM_EASY_2015|Any CPU
		{466E42E0-65BA-44D6-A109-8A84B306B284}.FAKE_XRM_EASY_2016|Any CPU.ActiveCfg = FAKE_XRM_EASY_2016|Any CPU
		{466E42E0-65BA-44D6-A109-8A84B306B284}.FAKE_XRM_EASY_2016|Any CPU.Build.0 = FAKE_XRM_EASY_2016|Any CPU
		{466E42E0-65BA-44D6-A109-8A84B306B284}.FAKE_XRM_EASY_2016|x64.ActiveCfg = FAKE_XRM_EASY_2016|Any CPU
		{466E42E0-65BA-44D6-A109-8A84B306B284}.FAKE_XRM_EASY_2016|x64.Build.0 = FAKE_XRM_EASY_2016|Any CPU
		{466E42E0-65BA-44D6-A109-8A84B306B284}.FAKE_XRM_EASY_2016|x86.ActiveCfg = FAKE_XRM_EASY_2016|Any CPU
		{466E42E0-65BA-44D6-A109-8A84B306B284}.FAKE_XRM_EASY_2016|x86.Build.0 = FAKE_XRM_EASY_2016|Any CPU
		{466E42E0-65BA-44D6-A109-8A84B306B284}.FAKE_XRM_EASY_365|Any CPU.ActiveCfg = FAKE_XRM_EASY_365|Any CPU
		{466E42E0-65BA-44D6-A109-8A84B306B284}.FAKE_XRM_EASY_365|Any CPU.Build.0 = FAKE_XRM_EASY_365|Any CPU
		{466E42E0-65BA-44D6-A109-8A84B306B284}.FAKE_XRM_EASY_365|x64.ActiveCfg = FAKE_XRM_EASY_365|Any CPU
		{466E42E0-65BA-44D6-A109-8A84B306B284}.FAKE_XRM_EASY_365|x64.Build.0 = FAKE_XRM_EASY_365|Any CPU
		{466E42E0-65BA-44D6-A109-8A84B306B284}.FAKE_XRM_EASY_365|x86.ActiveCfg = FAKE_XRM_EASY_365|Any CPU
		{466E42E0-65BA-44D6-A109-8A84B306B284}.FAKE_XRM_EASY_365|x86.Build.0 = FAKE_XRM_EASY_365|Any CPU
		{466E42E0-65BA-44D6-A109-8A84B306B284}.FAKE_XRM_EASY_9|x86.ActiveCfg = FAKE_XRM_EASY_9|Any CPU
		{466E42E0-65BA-44D6-A109-8A84B306B284}.FAKE_XRM_EASY_9|x86.Build.0 = FAKE_XRM_EASY_9|Any CPU
		{A96911D3-DD4C-4051-BCB2-58A109692CA7}.FAKE_XRM_EASY_2013|Any CPU.ActiveCfg = FAKE_XRM_EASY_2013|Any CPU
		{A96911D3-DD4C-4051-BCB2-58A109692CA7}.FAKE_XRM_EASY_2013|Any CPU.Build.0 = FAKE_XRM_EASY_2013|Any CPU
		{A96911D3-DD4C-4051-BCB2-58A109692CA7}.FAKE_XRM_EASY_2015|Any CPU.ActiveCfg = FAKE_XRM_EASY_2015|Any CPU
		{A96911D3-DD4C-4051-BCB2-58A109692CA7}.FAKE_XRM_EASY_2015|Any CPU.Build.0 = FAKE_XRM_EASY_2015|Any CPU
		{A96911D3-DD4C-4051-BCB2-58A109692CA7}.FAKE_XRM_EASY_2016|Any CPU.ActiveCfg = FAKE_XRM_EASY_2016|Any CPU
		{A96911D3-DD4C-4051-BCB2-58A109692CA7}.FAKE_XRM_EASY_2016|Any CPU.Build.0 = FAKE_XRM_EASY_2016|Any CPU
		{A96911D3-DD4C-4051-BCB2-58A109692CA7}.FAKE_XRM_EASY_365|Any CPU.ActiveCfg = FAKE_XRM_EASY_365|Any CPU
		{A96911D3-DD4C-4051-BCB2-58A109692CA7}.FAKE_XRM_EASY_365|Any CPU.Build.0 = FAKE_XRM_EASY_365|Any CPU
		{A96911D3-DD4C-4051-BCB2-58A109692CA7}.FAKE_XRM_EASY_9|Any CPU.ActiveCfg = FAKE_XRM_EASY_9|Any CPU
		{A96911D3-DD4C-4051-BCB2-58A109692CA7}.FAKE_XRM_EASY_9|Any CPU.Build.0 = FAKE_XRM_EASY_9|Any CPU
		{A96911D3-DD4C-4051-BCB2-58A109692CA7}.FAKE_XRM_EASY|Any CPU.ActiveCfg = FAKE_XRM_EASY|Any CPU
		{A96911D3-DD4C-4051-BCB2-58A109692CA7}.FAKE_XRM_EASY|Any CPU.Build.0 = FAKE_XRM_EASY|Any CPU
		{A96911D3-DD4C-4051-BCB2-58A109692CA7}.FAKE_XRM_EASY_9|x64.ActiveCfg = FAKE_XRM_EASY_9|Any CPU
		{A96911D3-DD4C-4051-BCB2-58A109692CA7}.FAKE_XRM_EASY_9|x64.Build.0 = FAKE_XRM_EASY_9|Any CPU
		{A96911D3-DD4C-4051-BCB2-58A109692CA7}.FAKE_XRM_EASY|x64.ActiveCfg = FAKE_XRM_EASY|Any CPU
		{A96911D3-DD4C-4051-BCB2-58A109692CA7}.FAKE_XRM_EASY|x64.Build.0 = FAKE_XRM_EASY|Any CPU
		{A96911D3-DD4C-4051-BCB2-58A109692CA7}.FAKE_XRM_EASY|x86.ActiveCfg = FAKE_XRM_EASY|Any CPU
		{A96911D3-DD4C-4051-BCB2-58A109692CA7}.FAKE_XRM_EASY|x86.Build.0 = FAKE_XRM_EASY|Any CPU
		{A96911D3-DD4C-4051-BCB2-58A109692CA7}.FAKE_XRM_EASY_2013|x64.ActiveCfg = FAKE_XRM_EASY_2013|Any CPU
		{A96911D3-DD4C-4051-BCB2-58A109692CA7}.FAKE_XRM_EASY_2013|x64.Build.0 = FAKE_XRM_EASY_2013|Any CPU
		{A96911D3-DD4C-4051-BCB2-58A109692CA7}.FAKE_XRM_EASY_2013|x86.ActiveCfg = FAKE_XRM_EASY_2013|Any CPU
		{A96911D3-DD4C-4051-BCB2-58A109692CA7}.FAKE_XRM_EASY_2013|x86.Build.0 = FAKE_XRM_EASY_2013|Any CPU
		{A96911D3-DD4C-4051-BCB2-58A109692CA7}.FAKE_XRM_EASY_2015|x64.ActiveCfg = FAKE_XRM_EASY_2015|Any CPU
		{A96911D3-DD4C-4051-BCB2-58A109692CA7}.FAKE_XRM_EASY_2015|x64.Build.0 = FAKE_XRM_EASY_2015|Any CPU
		{A96911D3-DD4C-4051-BCB2-58A109692CA7}.FAKE_XRM_EASY_2015|x86.ActiveCfg = FAKE_XRM_EASY_2015|Any CPU
		{A96911D3-DD4C-4051-BCB2-58A109692CA7}.FAKE_XRM_EASY_2015|x86.Build.0 = FAKE_XRM_EASY_2015|Any CPU
		{A96911D3-DD4C-4051-BCB2-58A109692CA7}.FAKE_XRM_EASY_2016|x64.ActiveCfg = FAKE_XRM_EASY_2016|Any CPU
		{A96911D3-DD4C-4051-BCB2-58A109692CA7}.FAKE_XRM_EASY_2016|x64.Build.0 = FAKE_XRM_EASY_2016|Any CPU
		{A96911D3-DD4C-4051-BCB2-58A109692CA7}.FAKE_XRM_EASY_2016|x86.ActiveCfg = FAKE_XRM_EASY_2016|Any CPU
		{A96911D3-DD4C-4051-BCB2-58A109692CA7}.FAKE_XRM_EASY_2016|x86.Build.0 = FAKE_XRM_EASY_2016|Any CPU
		{A96911D3-DD4C-4051-BCB2-58A109692CA7}.FAKE_XRM_EASY_365|x64.ActiveCfg = FAKE_XRM_EASY_365|Any CPU
		{A96911D3-DD4C-4051-BCB2-58A109692CA7}.FAKE_XRM_EASY_365|x64.Build.0 = FAKE_XRM_EASY_365|Any CPU
		{A96911D3-DD4C-4051-BCB2-58A109692CA7}.FAKE_XRM_EASY_365|x86.ActiveCfg = FAKE_XRM_EASY_365|Any CPU
		{A96911D3-DD4C-4051-BCB2-58A109692CA7}.FAKE_XRM_EASY_365|x86.Build.0 = FAKE_XRM_EASY_365|Any CPU
		{A96911D3-DD4C-4051-BCB2-58A109692CA7}.FAKE_XRM_EASY_9|x86.ActiveCfg = FAKE_XRM_EASY_9|Any CPU
		{A96911D3-DD4C-4051-BCB2-58A109692CA7}.FAKE_XRM_EASY_9|x86.Build.0 = FAKE_XRM_EASY_9|Any CPU
		{CACA71D9-1B19-4C56-88F8-6CC18C46523C}.FAKE_XRM_EASY_2013|Any CPU.ActiveCfg = FAKE_XRM_EASY_2013|Any CPU
		{CACA71D9-1B19-4C56-88F8-6CC18C46523C}.FAKE_XRM_EASY_2013|Any CPU.Build.0 = FAKE_XRM_EASY_2013|Any CPU
		{CACA71D9-1B19-4C56-88F8-6CC18C46523C}.FAKE_XRM_EASY_2013|x64.ActiveCfg = FAKE_XRM_EASY_2013|Any CPU
		{CACA71D9-1B19-4C56-88F8-6CC18C46523C}.FAKE_XRM_EASY_2013|x64.Build.0 = FAKE_XRM_EASY_2013|Any CPU
		{CACA71D9-1B19-4C56-88F8-6CC18C46523C}.FAKE_XRM_EASY_2013|x86.ActiveCfg = FAKE_XRM_EASY_2013|Any CPU
		{CACA71D9-1B19-4C56-88F8-6CC18C46523C}.FAKE_XRM_EASY_2013|x86.Build.0 = FAKE_XRM_EASY_2013|Any CPU
		{CACA71D9-1B19-4C56-88F8-6CC18C46523C}.FAKE_XRM_EASY_2015|Any CPU.ActiveCfg = FAKE_XRM_EASY_2015|Any CPU
		{CACA71D9-1B19-4C56-88F8-6CC18C46523C}.FAKE_XRM_EASY_2015|Any CPU.Build.0 = FAKE_XRM_EASY_2015|Any CPU
		{CACA71D9-1B19-4C56-88F8-6CC18C46523C}.FAKE_XRM_EASY_2015|x64.ActiveCfg = FAKE_XRM_EASY_2015|Any CPU
		{CACA71D9-1B19-4C56-88F8-6CC18C46523C}.FAKE_XRM_EASY_2015|x64.Build.0 = FAKE_XRM_EASY_2015|Any CPU
		{CACA71D9-1B19-4C56-88F8-6CC18C46523C}.FAKE_XRM_EASY_2015|x86.ActiveCfg = FAKE_XRM_EASY_2015|Any CPU
		{CACA71D9-1B19-4C56-88F8-6CC18C46523C}.FAKE_XRM_EASY_2015|x86.Build.0 = FAKE_XRM_EASY_2015|Any CPU
		{CACA71D9-1B19-4C56-88F8-6CC18C46523C}.FAKE_XRM_EASY_2016|Any CPU.ActiveCfg = FAKE_XRM_EASY_2016|Any CPU
		{CACA71D9-1B19-4C56-88F8-6CC18C46523C}.FAKE_XRM_EASY_2016|Any CPU.Build.0 = FAKE_XRM_EASY_2016|Any CPU
		{CACA71D9-1B19-4C56-88F8-6CC18C46523C}.FAKE_XRM_EASY_2016|x64.ActiveCfg = FAKE_XRM_EASY_2016|Any CPU
		{CACA71D9-1B19-4C56-88F8-6CC18C46523C}.FAKE_XRM_EASY_2016|x64.Build.0 = FAKE_XRM_EASY_2016|Any CPU
		{CACA71D9-1B19-4C56-88F8-6CC18C46523C}.FAKE_XRM_EASY_2016|x86.ActiveCfg = FAKE_XRM_EASY_2016|Any CPU
		{CACA71D9-1B19-4C56-88F8-6CC18C46523C}.FAKE_XRM_EASY_2016|x86.Build.0 = FAKE_XRM_EASY_2016|Any CPU
		{CACA71D9-1B19-4C56-88F8-6CC18C46523C}.FAKE_XRM_EASY_365|Any CPU.ActiveCfg = FAKE_XRM_EASY_365|Any CPU
		{CACA71D9-1B19-4C56-88F8-6CC18C46523C}.FAKE_XRM_EASY_365|Any CPU.Build.0 = FAKE_XRM_EASY_365|Any CPU
		{CACA71D9-1B19-4C56-88F8-6CC18C46523C}.FAKE_XRM_EASY_365|x64.ActiveCfg = FAKE_XRM_EASY_365|Any CPU
		{CACA71D9-1B19-4C56-88F8-6CC18C46523C}.FAKE_XRM_EASY_365|x64.Build.0 = FAKE_XRM_EASY_365|Any CPU
		{CACA71D9-1B19-4C56-88F8-6CC18C46523C}.FAKE_XRM_EASY_365|x86.ActiveCfg = FAKE_XRM_EASY_365|Any CPU
		{CACA71D9-1B19-4C56-88F8-6CC18C46523C}.FAKE_XRM_EASY_365|x86.Build.0 = FAKE_XRM_EASY_365|Any CPU
		{CACA71D9-1B19-4C56-88F8-6CC18C46523C}.FAKE_XRM_EASY_9|Any CPU.ActiveCfg = FAKE_XRM_EASY_9|Any CPU
		{CACA71D9-1B19-4C56-88F8-6CC18C46523C}.FAKE_XRM_EASY_9|Any CPU.Build.0 = FAKE_XRM_EASY_9|Any CPU
		{CACA71D9-1B19-4C56-88F8-6CC18C46523C}.FAKE_XRM_EASY_9|x64.ActiveCfg = FAKE_XRM_EASY_9|Any CPU
		{CACA71D9-1B19-4C56-88F8-6CC18C46523C}.FAKE_XRM_EASY_9|x64.Build.0 = FAKE_XRM_EASY_9|Any CPU
		{CACA71D9-1B19-4C56-88F8-6CC18C46523C}.FAKE_XRM_EASY_9|x86.ActiveCfg = FAKE_XRM_EASY_9|Any CPU
		{CACA71D9-1B19-4C56-88F8-6CC18C46523C}.FAKE_XRM_EASY_9|x86.Build.0 = FAKE_XRM_EASY_9|Any CPU
		{CACA71D9-1B19-4C56-88F8-6CC18C46523C}.FAKE_XRM_EASY|Any CPU.ActiveCfg = FAKE_XRM_EASY|Any CPU
		{CACA71D9-1B19-4C56-88F8-6CC18C46523C}.FAKE_XRM_EASY|Any CPU.Build.0 = FAKE_XRM_EASY|Any CPU
		{CACA71D9-1B19-4C56-88F8-6CC18C46523C}.FAKE_XRM_EASY|x64.ActiveCfg = FAKE_XRM_EASY|Any CPU
		{CACA71D9-1B19-4C56-88F8-6CC18C46523C}.FAKE_XRM_EASY|x64.Build.0 = FAKE_XRM_EASY|Any CPU
		{CACA71D9-1B19-4C56-88F8-6CC18C46523C}.FAKE_XRM_EASY|x86.ActiveCfg = FAKE_XRM_EASY|Any CPU
		{CACA71D9-1B19-4C56-88F8-6CC18C46523C}.FAKE_XRM_EASY|x86.Build.0 = FAKE_XRM_EASY|Any CPU
	EndGlobalSection
	GlobalSection(SolutionProperties) = preSolution
		HideSolutionNode = FALSE
	EndGlobalSection
	GlobalSection(NestedProjects) = preSolution
		{3A4394CA-3FBA-47D4-B570-68F4DF5433D3} = {1CA7949F-606D-43D1-987C-CD9309812CFC}
		{31A81D50-7F4A-4338-911D-D375D7061E9B} = {A8F9688E-9646-41FE-B212-0587811B519D}
		{466E42E0-65BA-44D6-A109-8A84B306B284} = {D3FEF02F-F60E-497E-BE96-EF4E9878FEB8}
		{A96911D3-DD4C-4051-BCB2-58A109692CA7} = {A8F9688E-9646-41FE-B212-0587811B519D}
		{CACA71D9-1B19-4C56-88F8-6CC18C46523C} = {A8F9688E-9646-41FE-B212-0587811B519D}
	EndGlobalSection
	GlobalSection(ExtensibilityGlobals) = postSolution
		SolutionGuid = {179999F5-10E5-4112-8539-82E291FC16AC}
	EndGlobalSection
EndGlobal
